// !$*UTF8*$!
{
	archiveVersion = 1;
	classes = {
	};
	objectVersion = 55;
	objects = {

/* Begin PBXBuildFile section */
		62DBF3B2061F1862721BBE12 /* Pods_Competition_system.framework in Frameworks */ = {isa = PBXBuildFile; fileRef = 8BC86A455EEBBFFCBBA4AB9E /* Pods_Competition_system.framework */; };
		D743405A27F15671007327ED /* AppDelegate.swift in Sources */ = {isa = PBXBuildFile; fileRef = D743405927F15671007327ED /* AppDelegate.swift */; };
		D743405C27F15671007327ED /* SceneDelegate.swift in Sources */ = {isa = PBXBuildFile; fileRef = D743405B27F15671007327ED /* SceneDelegate.swift */; };
		D743405E27F15671007327ED /* ViewController.swift in Sources */ = {isa = PBXBuildFile; fileRef = D743405D27F15671007327ED /* ViewController.swift */; };
		D743406327F15674007327ED /* Assets.xcassets in Resources */ = {isa = PBXBuildFile; fileRef = D743406227F15674007327ED /* Assets.xcassets */; };
		D743406627F15674007327ED /* LaunchScreen.storyboard in Resources */ = {isa = PBXBuildFile; fileRef = D743406427F15674007327ED /* LaunchScreen.storyboard */; };
		D743407427F1AD8C007327ED /* LoginViewController.swift in Sources */ = {isa = PBXBuildFile; fileRef = D743407327F1AD8C007327ED /* LoginViewController.swift */; };
		D743407627F1C614007327ED /* RegisterViewController.swift in Sources */ = {isa = PBXBuildFile; fileRef = D743407527F1C614007327ED /* RegisterViewController.swift */; };
		D743407827F1C6B0007327ED /* BindViewController.swift in Sources */ = {isa = PBXBuildFile; fileRef = D743407727F1C6B0007327ED /* BindViewController.swift */; };
		D76B5E5927F5C91100AA7385 /* Login.xib in Resources */ = {isa = PBXBuildFile; fileRef = D76B5E5827F5C91100AA7385 /* Login.xib */; };
		D76B5E5B27F5C93E00AA7385 /* Register.xib in Resources */ = {isa = PBXBuildFile; fileRef = D76B5E5A27F5C93E00AA7385 /* Register.xib */; };
		D76B5E5D27F5C95800AA7385 /* bind.xib in Resources */ = {isa = PBXBuildFile; fileRef = D76B5E5C27F5C95800AA7385 /* bind.xib */; };
		D76B5E5F27F5C9A800AA7385 /* funcs.swift in Sources */ = {isa = PBXBuildFile; fileRef = D76B5E5E27F5C9A800AA7385 /* funcs.swift */; };
		D76B5E6227F5CD9200AA7385 /* Mine.xib in Resources */ = {isa = PBXBuildFile; fileRef = D76B5E6127F5CD9200AA7385 /* Mine.xib */; };
		D76B5E6427F5CDEE00AA7385 /* minehead.xib in Resources */ = {isa = PBXBuildFile; fileRef = D76B5E6327F5CDEE00AA7385 /* minehead.xib */; };
/* End PBXBuildFile section */

/* Begin PBXFileReference section */
		8BC86A455EEBBFFCBBA4AB9E /* Pods_Competition_system.framework */ = {isa = PBXFileReference; explicitFileType = wrapper.framework; includeInIndex = 0; path = Pods_Competition_system.framework; sourceTree = BUILT_PRODUCTS_DIR; };
		AB09DA70189AF194C9AF5511 /* Pods-Competition system.release.xcconfig */ = {isa = PBXFileReference; includeInIndex = 1; lastKnownFileType = text.xcconfig; name = "Pods-Competition system.release.xcconfig"; path = "Target Support Files/Pods-Competition system/Pods-Competition system.release.xcconfig"; sourceTree = "<group>"; };
		D743405627F15671007327ED /* Competition system.app */ = {isa = PBXFileReference; explicitFileType = wrapper.application; includeInIndex = 0; path = "Competition system.app"; sourceTree = BUILT_PRODUCTS_DIR; };
		D743405927F15671007327ED /* AppDelegate.swift */ = {isa = PBXFileReference; lastKnownFileType = sourcecode.swift; path = AppDelegate.swift; sourceTree = "<group>"; };
		D743405B27F15671007327ED /* SceneDelegate.swift */ = {isa = PBXFileReference; lastKnownFileType = sourcecode.swift; path = SceneDelegate.swift; sourceTree = "<group>"; };
		D743405D27F15671007327ED /* ViewController.swift */ = {isa = PBXFileReference; lastKnownFileType = sourcecode.swift; path = ViewController.swift; sourceTree = "<group>"; };
		D743406227F15674007327ED /* Assets.xcassets */ = {isa = PBXFileReference; lastKnownFileType = folder.assetcatalog; path = Assets.xcassets; sourceTree = "<group>"; };
		D743406527F15674007327ED /* Base */ = {isa = PBXFileReference; lastKnownFileType = file.storyboard; name = Base; path = Base.lproj/LaunchScreen.storyboard; sourceTree = "<group>"; };
		D743406727F15674007327ED /* Info.plist */ = {isa = PBXFileReference; lastKnownFileType = text.plist.xml; path = Info.plist; sourceTree = "<group>"; };
		D743407327F1AD8C007327ED /* LoginViewController.swift */ = {isa = PBXFileReference; lastKnownFileType = sourcecode.swift; path = LoginViewController.swift; sourceTree = "<group>"; };
		D743407527F1C614007327ED /* RegisterViewController.swift */ = {isa = PBXFileReference; lastKnownFileType = sourcecode.swift; path = RegisterViewController.swift; sourceTree = "<group>"; };
		D743407727F1C6B0007327ED /* BindViewController.swift */ = {isa = PBXFileReference; lastKnownFileType = sourcecode.swift; path = BindViewController.swift; sourceTree = "<group>"; };
		D76B5E5827F5C91100AA7385 /* Login.xib */ = {isa = PBXFileReference; lastKnownFileType = file.xib; path = Login.xib; sourceTree = "<group>"; };
		D76B5E5A27F5C93E00AA7385 /* Register.xib */ = {isa = PBXFileReference; lastKnownFileType = file.xib; path = Register.xib; sourceTree = "<group>"; };
		D76B5E5C27F5C95800AA7385 /* bind.xib */ = {isa = PBXFileReference; lastKnownFileType = file.xib; path = bind.xib; sourceTree = "<group>"; };
		D76B5E5E27F5C9A800AA7385 /* funcs.swift */ = {isa = PBXFileReference; lastKnownFileType = sourcecode.swift; path = funcs.swift; sourceTree = "<group>"; };
		D76B5E6127F5CD9200AA7385 /* Mine.xib */ = {isa = PBXFileReference; lastKnownFileType = file.xib; path = Mine.xib; sourceTree = "<group>"; };
		D76B5E6327F5CDEE00AA7385 /* minehead.xib */ = {isa = PBXFileReference; lastKnownFileType = file.xib; path = minehead.xib; sourceTree = "<group>"; };
		ED1CDFEA32CBC9012E6421B3 /* Pods-Competition system.debug.xcconfig */ = {isa = PBXFileReference; includeInIndex = 1; lastKnownFileType = text.xcconfig; name = "Pods-Competition system.debug.xcconfig"; path = "Target Support Files/Pods-Competition system/Pods-Competition system.debug.xcconfig"; sourceTree = "<group>"; };
/* End PBXFileReference section */

/* Begin PBXFrameworksBuildPhase section */
		D743405327F15671007327ED /* Frameworks */ = {
			isa = PBXFrameworksBuildPhase;
			buildActionMask = 2147483647;
			files = (
				62DBF3B2061F1862721BBE12 /* Pods_Competition_system.framework in Frameworks */,
			);
			runOnlyForDeploymentPostprocessing = 0;
		};
/* End PBXFrameworksBuildPhase section */

/* Begin PBXGroup section */
		2B9C5A82674AD36F874BADE1 /* Frameworks */ = {
			isa = PBXGroup;
			children = (
				8BC86A455EEBBFFCBBA4AB9E /* Pods_Competition_system.framework */,
			);
			name = Frameworks;
			sourceTree = "<group>";
		};
		D67EBDC40CDA624687124EE4 /* Pods */ = {
			isa = PBXGroup;
			children = (
				ED1CDFEA32CBC9012E6421B3 /* Pods-Competition system.debug.xcconfig */,
				AB09DA70189AF194C9AF5511 /* Pods-Competition system.release.xcconfig */,
			);
			name = Pods;
			path = Pods;
			sourceTree = "<group>";
		};
		D743404D27F15671007327ED = {
			isa = PBXGroup;
			children = (
				D76B5E6027F5CD7600AA7385 /* mine */,
				D76B5E5727F5C85400AA7385 /* functions */,
				D743407227F1A3F6007327ED /* login */,
				D743405827F15671007327ED /* Competition system */,
				D743405727F15671007327ED /* Products */,
				D67EBDC40CDA624687124EE4 /* Pods */,
				2B9C5A82674AD36F874BADE1 /* Frameworks */,
			);
			sourceTree = "<group>";
		};
		D743405727F15671007327ED /* Products */ = {
			isa = PBXGroup;
			children = (
				D743405627F15671007327ED /* Competition system.app */,
			);
			name = Products;
			sourceTree = "<group>";
		};
		D743405827F15671007327ED /* Competition system */ = {
			isa = PBXGroup;
			children = (
				D743405927F15671007327ED /* AppDelegate.swift */,
				D743405B27F15671007327ED /* SceneDelegate.swift */,
				D743405D27F15671007327ED /* ViewController.swift */,
				D743406227F15674007327ED /* Assets.xcassets */,
				D743406427F15674007327ED /* LaunchScreen.storyboard */,
				D743406727F15674007327ED /* Info.plist */,
			);
			path = "Competition system";
			sourceTree = "<group>";
		};
		D743407227F1A3F6007327ED /* login */ = {
			isa = PBXGroup;
			children = (
				D743407327F1AD8C007327ED /* LoginViewController.swift */,
				D743407527F1C614007327ED /* RegisterViewController.swift */,
				D743407727F1C6B0007327ED /* BindViewController.swift */,
				D76B5E5827F5C91100AA7385 /* Login.xib */,
				D76B5E5A27F5C93E00AA7385 /* Register.xib */,
				D76B5E5C27F5C95800AA7385 /* bind.xib */,
			);
			path = login;
			sourceTree = "<group>";
		};
		D76B5E5727F5C85400AA7385 /* functions */ = {
			isa = PBXGroup;
			children = (
				D76B5E5E27F5C9A800AA7385 /* funcs.swift */,
			);
			path = functions;
			sourceTree = "<group>";
		};
		D76B5E6027F5CD7600AA7385 /* mine */ = {
			isa = PBXGroup;
			children = (
				D76B5E6127F5CD9200AA7385 /* Mine.xib */,
				D76B5E6327F5CDEE00AA7385 /* minehead.xib */,
			);
			path = mine;
			sourceTree = "<group>";
		};
/* End PBXGroup section */

/* Begin PBXNativeTarget section */
		D743405527F15671007327ED /* Competition system */ = {
			isa = PBXNativeTarget;
			buildConfigurationList = D743406A27F15674007327ED /* Build configuration list for PBXNativeTarget "Competition system" */;
			buildPhases = (
				235E98BE76CFDD97B58D2D83 /* [CP] Check Pods Manifest.lock */,
				D743405227F15671007327ED /* Sources */,
				D743405327F15671007327ED /* Frameworks */,
				D743405427F15671007327ED /* Resources */,
				470903C7948AAC4F0284C59C /* [CP] Embed Pods Frameworks */,
			);
			buildRules = (
			);
			dependencies = (
			);
			name = "Competition system";
			productName = "Competition system";
			productReference = D743405627F15671007327ED /* Competition system.app */;
			productType = "com.apple.product-type.application";
		};
/* End PBXNativeTarget section */

/* Begin PBXProject section */
		D743404E27F15671007327ED /* Project object */ = {
			isa = PBXProject;
			attributes = {
				BuildIndependentTargetsInParallel = 1;
				LastSwiftUpdateCheck = 1330;
				LastUpgradeCheck = 1330;
				TargetAttributes = {
					D743405527F15671007327ED = {
						CreatedOnToolsVersion = 13.3;
					};
				};
			};
			buildConfigurationList = D743405127F15671007327ED /* Build configuration list for PBXProject "Competition system" */;
			compatibilityVersion = "Xcode 13.0";
			developmentRegion = en;
			hasScannedForEncodings = 0;
			knownRegions = (
				en,
				Base,
			);
			mainGroup = D743404D27F15671007327ED;
			productRefGroup = D743405727F15671007327ED /* Products */;
			projectDirPath = "";
			projectRoot = "";
			targets = (
				D743405527F15671007327ED /* Competition system */,
			);
		};
/* End PBXProject section */

/* Begin PBXResourcesBuildPhase section */
		D743405427F15671007327ED /* Resources */ = {
			isa = PBXResourcesBuildPhase;
			buildActionMask = 2147483647;
			files = (
				D76B5E6427F5CDEE00AA7385 /* minehead.xib in Resources */,
				D76B5E5D27F5C95800AA7385 /* bind.xib in Resources */,
				D76B5E5B27F5C93E00AA7385 /* Register.xib in Resources */,
				D743406627F15674007327ED /* LaunchScreen.storyboard in Resources */,
				D743406327F15674007327ED /* Assets.xcassets in Resources */,
				D76B5E6227F5CD9200AA7385 /* Mine.xib in Resources */,
				D76B5E5927F5C91100AA7385 /* Login.xib in Resources */,
			);
			runOnlyForDeploymentPostprocessing = 0;
		};
/* End PBXResourcesBuildPhase section */

/* Begin PBXShellScriptBuildPhase section */
		235E98BE76CFDD97B58D2D83 /* [CP] Check Pods Manifest.lock */ = {
			isa = PBXShellScriptBuildPhase;
			buildActionMask = 2147483647;
			files = (
			);
			inputFileListPaths = (
			);
			inputPaths = (
				"${PODS_PODFILE_DIR_PATH}/Podfile.lock",
				"${PODS_ROOT}/Manifest.lock",
			);
			name = "[CP] Check Pods Manifest.lock";
			outputFileListPaths = (
			);
			outputPaths = (
				"$(DERIVED_FILE_DIR)/Pods-Competition system-checkManifestLockResult.txt",
			);
			runOnlyForDeploymentPostprocessing = 0;
			shellPath = /bin/sh;
			shellScript = "diff \"${PODS_PODFILE_DIR_PATH}/Podfile.lock\" \"${PODS_ROOT}/Manifest.lock\" > /dev/null\nif [ $? != 0 ] ; then\n    # print error to STDERR\n    echo \"error: The sandbox is not in sync with the Podfile.lock. Run 'pod install' or update your CocoaPods installation.\" >&2\n    exit 1\nfi\n# This output is used by Xcode 'outputs' to avoid re-running this script phase.\necho \"SUCCESS\" > \"${SCRIPT_OUTPUT_FILE_0}\"\n";
			showEnvVarsInLog = 0;
		};
		470903C7948AAC4F0284C59C /* [CP] Embed Pods Frameworks */ = {
			isa = PBXShellScriptBuildPhase;
			buildActionMask = 2147483647;
			files = (
			);
			inputFileListPaths = (
				"${PODS_ROOT}/Target Support Files/Pods-Competition system/Pods-Competition system-frameworks-${CONFIGURATION}-input-files.xcfilelist",
			);
			name = "[CP] Embed Pods Frameworks";
			outputFileListPaths = (
				"${PODS_ROOT}/Target Support Files/Pods-Competition system/Pods-Competition system-frameworks-${CONFIGURATION}-output-files.xcfilelist",
			);
			runOnlyForDeploymentPostprocessing = 0;
			shellPath = /bin/sh;
			shellScript = "\"${PODS_ROOT}/Target Support Files/Pods-Competition system/Pods-Competition system-frameworks.sh\"\n";
			showEnvVarsInLog = 0;
		};
/* End PBXShellScriptBuildPhase section */

/* Begin PBXSourcesBuildPhase section */
		D743405227F15671007327ED /* Sources */ = {
			isa = PBXSourcesBuildPhase;
			buildActionMask = 2147483647;
			files = (
				D743405E27F15671007327ED /* ViewController.swift in Sources */,
				D76B5E5F27F5C9A800AA7385 /* funcs.swift in Sources */,
				D743407827F1C6B0007327ED /* BindViewController.swift in Sources */,
				D743405A27F15671007327ED /* AppDelegate.swift in Sources */,
				D743405C27F15671007327ED /* SceneDelegate.swift in Sources */,
				D743407627F1C614007327ED /* RegisterViewController.swift in Sources */,
				D743407427F1AD8C007327ED /* LoginViewController.swift in Sources */,
			);
			runOnlyForDeploymentPostprocessing = 0;
		};
/* End PBXSourcesBuildPhase section */

/* Begin PBXVariantGroup section */
		D743406427F15674007327ED /* LaunchScreen.storyboard */ = {
			isa = PBXVariantGroup;
			children = (
				D743406527F15674007327ED /* Base */,
			);
			name = LaunchScreen.storyboard;
			sourceTree = "<group>";
		};
/* End PBXVariantGroup section */

/* Begin XCBuildConfiguration section */
		D743406827F15674007327ED /* Debug */ = {
			isa = XCBuildConfiguration;
			buildSettings = {
				ALWAYS_SEARCH_USER_PATHS = NO;
				CLANG_ANALYZER_NONNULL = YES;
				CLANG_ANALYZER_NUMBER_OBJECT_CONVERSION = YES_AGGRESSIVE;
				CLANG_CXX_LANGUAGE_STANDARD = "gnu++17";
				CLANG_ENABLE_MODULES = YES;
				CLANG_ENABLE_OBJC_ARC = YES;
				CLANG_ENABLE_OBJC_WEAK = YES;
				CLANG_WARN_BLOCK_CAPTURE_AUTORELEASING = YES;
				CLANG_WARN_BOOL_CONVERSION = YES;
				CLANG_WARN_COMMA = YES;
				CLANG_WARN_CONSTANT_CONVERSION = YES;
				CLANG_WARN_DEPRECATED_OBJC_IMPLEMENTATIONS = YES;
				CLANG_WARN_DIRECT_OBJC_ISA_USAGE = YES_ERROR;
				CLANG_WARN_DOCUMENTATION_COMMENTS = YES;
				CLANG_WARN_EMPTY_BODY = YES;
				CLANG_WARN_ENUM_CONVERSION = YES;
				CLANG_WARN_INFINITE_RECURSION = YES;
				CLANG_WARN_INT_CONVERSION = YES;
				CLANG_WARN_NON_LITERAL_NULL_CONVERSION = YES;
				CLANG_WARN_OBJC_IMPLICIT_RETAIN_SELF = YES;
				CLANG_WARN_OBJC_LITERAL_CONVERSION = YES;
				CLANG_WARN_OBJC_ROOT_CLASS = YES_ERROR;
				CLANG_WARN_QUOTED_INCLUDE_IN_FRAMEWORK_HEADER = YES;
				CLANG_WARN_RANGE_LOOP_ANALYSIS = YES;
				CLANG_WARN_STRICT_PROTOTYPES = YES;
				CLANG_WARN_SUSPICIOUS_MOVE = YES;
				CLANG_WARN_UNGUARDED_AVAILABILITY = YES_AGGRESSIVE;
				CLANG_WARN_UNREACHABLE_CODE = YES;
				CLANG_WARN__DUPLICATE_METHOD_MATCH = YES;
				COPY_PHASE_STRIP = NO;
				DEBUG_INFORMATION_FORMAT = dwarf;
				ENABLE_STRICT_OBJC_MSGSEND = YES;
				ENABLE_TESTABILITY = YES;
				GCC_C_LANGUAGE_STANDARD = gnu11;
				GCC_DYNAMIC_NO_PIC = NO;
				GCC_NO_COMMON_BLOCKS = YES;
				GCC_OPTIMIZATION_LEVEL = 0;
				GCC_PREPROCESSOR_DEFINITIONS = (
					"DEBUG=1",
					"$(inherited)",
				);
				GCC_WARN_64_TO_32_BIT_CONVERSION = YES;
				GCC_WARN_ABOUT_RETURN_TYPE = YES_ERROR;
				GCC_WARN_UNDECLARED_SELECTOR = YES;
				GCC_WARN_UNINITIALIZED_AUTOS = YES_AGGRESSIVE;
				GCC_WARN_UNUSED_FUNCTION = YES;
				GCC_WARN_UNUSED_VARIABLE = YES;
				IPHONEOS_DEPLOYMENT_TARGET = 15.4;
				MTL_ENABLE_DEBUG_INFO = INCLUDE_SOURCE;
				MTL_FAST_MATH = YES;
				ONLY_ACTIVE_ARCH = YES;
				SDKROOT = iphoneos;
				SWIFT_ACTIVE_COMPILATION_CONDITIONS = DEBUG;
				SWIFT_OPTIMIZATION_LEVEL = "-Onone";
			};
			name = Debug;
		};
		D743406927F15674007327ED /* Release */ = {
			isa = XCBuildConfiguration;
			buildSettings = {
				ALWAYS_SEARCH_USER_PATHS = NO;
				CLANG_ANALYZER_NONNULL = YES;
				CLANG_ANALYZER_NUMBER_OBJECT_CONVERSION = YES_AGGRESSIVE;
				CLANG_CXX_LANGUAGE_STANDARD = "gnu++17";
				CLANG_ENABLE_MODULES = YES;
				CLANG_ENABLE_OBJC_ARC = YES;
				CLANG_ENABLE_OBJC_WEAK = YES;
				CLANG_WARN_BLOCK_CAPTURE_AUTORELEASING = YES;
				CLANG_WARN_BOOL_CONVERSION = YES;
				CLANG_WARN_COMMA = YES;
				CLANG_WARN_CONSTANT_CONVERSION = YES;
				CLANG_WARN_DEPRECATED_OBJC_IMPLEMENTATIONS = YES;
				CLANG_WARN_DIRECT_OBJC_ISA_USAGE = YES_ERROR;
				CLANG_WARN_DOCUMENTATION_COMMENTS = YES;
				CLANG_WARN_EMPTY_BODY = YES;
				CLANG_WARN_ENUM_CONVERSION = YES;
				CLANG_WARN_INFINITE_RECURSION = YES;
				CLANG_WARN_INT_CONVERSION = YES;
				CLANG_WARN_NON_LITERAL_NULL_CONVERSION = YES;
				CLANG_WARN_OBJC_IMPLICIT_RETAIN_SELF = YES;
				CLANG_WARN_OBJC_LITERAL_CONVERSION = YES;
				CLANG_WARN_OBJC_ROOT_CLASS = YES_ERROR;
				CLANG_WARN_QUOTED_INCLUDE_IN_FRAMEWORK_HEADER = YES;
				CLANG_WARN_RANGE_LOOP_ANALYSIS = YES;
				CLANG_WARN_STRICT_PROTOTYPES = YES;
				CLANG_WARN_SUSPICIOUS_MOVE = YES;
				CLANG_WARN_UNGUARDED_AVAILABILITY = YES_AGGRESSIVE;
				CLANG_WARN_UNREACHABLE_CODE = YES;
				CLANG_WARN__DUPLICATE_METHOD_MATCH = YES;
				COPY_PHASE_STRIP = NO;
				DEBUG_INFORMATION_FORMAT = "dwarf-with-dsym";
				ENABLE_NS_ASSERTIONS = NO;
				ENABLE_STRICT_OBJC_MSGSEND = YES;
				GCC_C_LANGUAGE_STANDARD = gnu11;
				GCC_NO_COMMON_BLOCKS = YES;
				GCC_WARN_64_TO_32_BIT_CONVERSION = YES;
				GCC_WARN_ABOUT_RETURN_TYPE = YES_ERROR;
				GCC_WARN_UNDECLARED_SELECTOR = YES;
				GCC_WARN_UNINITIALIZED_AUTOS = YES_AGGRESSIVE;
				GCC_WARN_UNUSED_FUNCTION = YES;
				GCC_WARN_UNUSED_VARIABLE = YES;
				IPHONEOS_DEPLOYMENT_TARGET = 15.4;
				MTL_ENABLE_DEBUG_INFO = NO;
				MTL_FAST_MATH = YES;
				SDKROOT = iphoneos;
				SWIFT_COMPILATION_MODE = wholemodule;
				SWIFT_OPTIMIZATION_LEVEL = "-O";
				VALIDATE_PRODUCT = YES;
			};
			name = Release;
		};
		D743406B27F15674007327ED /* Debug */ = {
			isa = XCBuildConfiguration;
			baseConfigurationReference = ED1CDFEA32CBC9012E6421B3 /* Pods-Competition system.debug.xcconfig */;
			buildSettings = {
				ASSETCATALOG_COMPILER_APPICON_NAME = AppIcon;
				ASSETCATALOG_COMPILER_GLOBAL_ACCENT_COLOR_NAME = AccentColor;
				CODE_SIGN_STYLE = Automatic;
				CURRENT_PROJECT_VERSION = 1;
				DEVELOPMENT_TEAM = 3W5B545J98;
				GENERATE_INFOPLIST_FILE = YES;
				INFOPLIST_FILE = "Competition system/Info.plist";
				INFOPLIST_KEY_UIApplicationSupportsIndirectInputEvents = YES;
				INFOPLIST_KEY_UILaunchStoryboardName = LaunchScreen;
				INFOPLIST_KEY_UIMainStoryboardFile = Main;
				INFOPLIST_KEY_UISupportedInterfaceOrientations_iPad = "UIInterfaceOrientationPortrait UIInterfaceOrientationPortraitUpsideDown UIInterfaceOrientationLandscapeLeft UIInterfaceOrientationLandscapeRight";
				INFOPLIST_KEY_UISupportedInterfaceOrientations_iPhone = "UIInterfaceOrientationPortrait UIInterfaceOrientationLandscapeLeft UIInterfaceOrientationLandscapeRight";
				LD_RUNPATH_SEARCH_PATHS = (
					"$(inherited)",
					"@executable_path/Frameworks",
				);
				MARKETING_VERSION = 1.0;
				PRODUCT_BUNDLE_IDENTIFIER = "cn.zhaoxuanlang.Competition-system";
				PRODUCT_NAME = "$(TARGET_NAME)";
				SWIFT_EMIT_LOC_STRINGS = YES;
				SWIFT_VERSION = 5.0;
				TARGETED_DEVICE_FAMILY = "1,2";
			};
			name = Debug;
		};
		D743406C27F15674007327ED /* Release */ = {
			isa = XCBuildConfiguration;
			baseConfigurationReference = AB09DA70189AF194C9AF5511 /* Pods-Competition system.release.xcconfig */;
			buildSettings = {
				ASSETCATALOG_COMPILER_APPICON_NAME = AppIcon;
				ASSETCATALOG_COMPILER_GLOBAL_ACCENT_COLOR_NAME = AccentColor;
				CODE_SIGN_STYLE = Automatic;
				CURRENT_PROJECT_VERSION = 1;
				DEVELOPMENT_TEAM = 3W5B545J98;
				GENERATE_INFOPLIST_FILE = YES;
				INFOPLIST_FILE = "Competition system/Info.plist";
				INFOPLIST_KEY_UIApplicationSupportsIndirectInputEvents = YES;
				INFOPLIST_KEY_UILaunchStoryboardName = LaunchScreen;
				INFOPLIST_KEY_UIMainStoryboardFile = Main;
				INFOPLIST_KEY_UISupportedInterfaceOrientations_iPad = "UIInterfaceOrientationPortrait UIInterfaceOrientationPortraitUpsideDown UIInterfaceOrientationLandscapeLeft UIInterfaceOrientationLandscapeRight";
				INFOPLIST_KEY_UISupportedInterfaceOrientations_iPhone = "UIInterfaceOrientationPortrait UIInterfaceOrientationLandscapeLeft UIInterfaceOrientationLandscapeRight";
				LD_RUNPATH_SEARCH_PATHS = (
					"$(inherited)",
					"@executable_path/Frameworks",
				);
				MARKETING_VERSION = 1.0;
				PRODUCT_BUNDLE_IDENTIFIER = "cn.zhaoxuanlang.Competition-system";
				PRODUCT_NAME = "$(TARGET_NAME)";
				SWIFT_EMIT_LOC_STRINGS = YES;
				SWIFT_VERSION = 5.0;
				TARGETED_DEVICE_FAMILY = "1,2";
			};
			name = Release;
		};
/* End XCBuildConfiguration section */

/* Begin XCConfigurationList section */
		D743405127F15671007327ED /* Build configuration list for PBXProject "Competition system" */ = {
			isa = XCConfigurationList;
			buildConfigurations = (
				D743406827F15674007327ED /* Debug */,
				D743406927F15674007327ED /* Release */,
			);
			defaultConfigurationIsVisible = 0;
			defaultConfigurationName = Release;
		};
		D743406A27F15674007327ED /* Build configuration list for PBXNativeTarget "Competition system" */ = {
			isa = XCConfigurationList;
			buildConfigurations = (
				D743406B27F15674007327ED /* Debug */,
				D743406C27F15674007327ED /* Release */,
			);
			defaultConfigurationIsVisible = 0;
			defaultConfigurationName = Release;
		};
/* End XCConfigurationList section */
	};
	rootObject = D743404E27F15671007327ED /* Project object */;
}
