// !$*UTF8*$!
{
	archiveVersion = 1;
	classes = {
	};
	objectVersion = 55;
	objects = {

/* Begin PBXBuildFile section */
		AA02E904BE0E8304D74D52B7 /* Pods_Competition_system.framework in Frameworks */ = {isa = PBXBuildFile; fileRef = 598B777D9039B29FA1B2277A /* Pods_Competition_system.framework */; };
		D72157C927FA7E6600B34164 /* BaseVC.swift in Sources */ = {isa = PBXBuildFile; fileRef = D72157C827FA7E6600B34164 /* BaseVC.swift */; };
		D72157CB27FA87B700B34164 /* UIKitExtension.swift in Sources */ = {isa = PBXBuildFile; fileRef = D72157CA27FA87B700B34164 /* UIKitExtension.swift */; };
		D72157CF27FA99F800B34164 /* Main.storyboard in Resources */ = {isa = PBXBuildFile; fileRef = D72157CE27FA99F800B34164 /* Main.storyboard */; };
		D72157D127FA9B1A00B34164 /* MainViewController.swift in Sources */ = {isa = PBXBuildFile; fileRef = D72157D027FA9B1A00B34164 /* MainViewController.swift */; };
		D73D0BF7280A616500E6BEB0 /* ForumDetailViewController.swift in Sources */ = {isa = PBXBuildFile; fileRef = D73D0BF5280A616500E6BEB0 /* ForumDetailViewController.swift */; };
		D73D0BF8280A616500E6BEB0 /* ForumDetailViewController.xib in Resources */ = {isa = PBXBuildFile; fileRef = D73D0BF6280A616500E6BEB0 /* ForumDetailViewController.xib */; };
		D73D0BFB280A8FC100E6BEB0 /* commentTableViewCell.swift in Sources */ = {isa = PBXBuildFile; fileRef = D73D0BF9280A8FC100E6BEB0 /* commentTableViewCell.swift */; };
		D73D0BFC280A8FC100E6BEB0 /* commentTableViewCell.xib in Resources */ = {isa = PBXBuildFile; fileRef = D73D0BFA280A8FC100E6BEB0 /* commentTableViewCell.xib */; };
		D743405A27F15671007327ED /* AppDelegate.swift in Sources */ = {isa = PBXBuildFile; fileRef = D743405927F15671007327ED /* AppDelegate.swift */; };
		D743405C27F15671007327ED /* SceneDelegate.swift in Sources */ = {isa = PBXBuildFile; fileRef = D743405B27F15671007327ED /* SceneDelegate.swift */; };
		D743406327F15674007327ED /* Assets.xcassets in Resources */ = {isa = PBXBuildFile; fileRef = D743406227F15674007327ED /* Assets.xcassets */; };
		D743406627F15674007327ED /* LaunchScreen.storyboard in Resources */ = {isa = PBXBuildFile; fileRef = D743406427F15674007327ED /* LaunchScreen.storyboard */; };
		D759A1752800834600237232 /* Tabbar.swift in Sources */ = {isa = PBXBuildFile; fileRef = D759A1742800834600237232 /* Tabbar.swift */; };
		D759A17A2801120800237232 /* CompetitionViewController.swift in Sources */ = {isa = PBXBuildFile; fileRef = D759A1782801120800237232 /* CompetitionViewController.swift */; };
		D759A17B2801120800237232 /* CompetitionViewController.xib in Resources */ = {isa = PBXBuildFile; fileRef = D759A1792801120800237232 /* CompetitionViewController.xib */; };
		D759A17E2801123500237232 /* SelfViewController.swift in Sources */ = {isa = PBXBuildFile; fileRef = D759A17C2801123500237232 /* SelfViewController.swift */; };
		D759A17F2801123500237232 /* SelfViewController.xib in Resources */ = {isa = PBXBuildFile; fileRef = D759A17D2801123500237232 /* SelfViewController.xib */; };
		D759A181280128CB00237232 /* ForumModel.swift in Sources */ = {isa = PBXBuildFile; fileRef = D759A180280128CB00237232 /* ForumModel.swift */; };
		D759A1882801653400237232 /* Singleton.swift in Sources */ = {isa = PBXBuildFile; fileRef = D759A1872801653400237232 /* Singleton.swift */; };
		D759A18B2801673400237232 /* ForumTableViewCell.swift in Sources */ = {isa = PBXBuildFile; fileRef = D759A1892801673400237232 /* ForumTableViewCell.swift */; };
		D759A18C2801673400237232 /* ForumTableViewCell.xib in Resources */ = {isa = PBXBuildFile; fileRef = D759A18A2801673400237232 /* ForumTableViewCell.xib */; };
		D759A18F28016B6100237232 /* HeadCell.swift in Sources */ = {isa = PBXBuildFile; fileRef = D759A18D28016B6100237232 /* HeadCell.swift */; };
		D759A19028016B6100237232 /* HeadCell.xib in Resources */ = {isa = PBXBuildFile; fileRef = D759A18E28016B6100237232 /* HeadCell.xib */; };
		D76B5E5F27F5C9A800AA7385 /* funcs.swift in Sources */ = {isa = PBXBuildFile; fileRef = D76B5E5E27F5C9A800AA7385 /* funcs.swift */; };
		D7EDB61C27FE7EBA0035047C /* LoginViewController.swift in Sources */ = {isa = PBXBuildFile; fileRef = D7EDB61A27FE7EBA0035047C /* LoginViewController.swift */; };
		D7EDB61D27FE7EBA0035047C /* LoginViewController.xib in Resources */ = {isa = PBXBuildFile; fileRef = D7EDB61B27FE7EBA0035047C /* LoginViewController.xib */; };
		D7EDB62027FE82350035047C /* RegisterViewController.swift in Sources */ = {isa = PBXBuildFile; fileRef = D7EDB61E27FE82350035047C /* RegisterViewController.swift */; };
		D7EDB62127FE82350035047C /* RegisterViewController.xib in Resources */ = {isa = PBXBuildFile; fileRef = D7EDB61F27FE82350035047C /* RegisterViewController.xib */; };
		D7EDB62427FE86730035047C /* BindViewController.swift in Sources */ = {isa = PBXBuildFile; fileRef = D7EDB62227FE86730035047C /* BindViewController.swift */; };
		D7EDB62527FE86730035047C /* BindViewController.xib in Resources */ = {isa = PBXBuildFile; fileRef = D7EDB62327FE86730035047C /* BindViewController.xib */; };
		D7EDB62827FF01400035047C /* UserModel.swift in Sources */ = {isa = PBXBuildFile; fileRef = D7EDB62727FF01400035047C /* UserModel.swift */; };
		D7F3624128164B0600586A1D /* ForumPublishViewController.swift in Sources */ = {isa = PBXBuildFile; fileRef = D7F3623F28164B0600586A1D /* ForumPublishViewController.swift */; };
		D7F3624228164B0600586A1D /* ForumPublishViewController.xib in Resources */ = {isa = PBXBuildFile; fileRef = D7F3624028164B0600586A1D /* ForumPublishViewController.xib */; };
		D7F3624528178D4900586A1D /* nameViewController.swift in Sources */ = {isa = PBXBuildFile; fileRef = D7F3624328178D4900586A1D /* nameViewController.swift */; };
		D7F3624628178D4900586A1D /* nameViewController.xib in Resources */ = {isa = PBXBuildFile; fileRef = D7F3624428178D4900586A1D /* nameViewController.xib */; };
		D7F3624928178DD700586A1D /* myPublishViewController.swift in Sources */ = {isa = PBXBuildFile; fileRef = D7F3624728178DD700586A1D /* myPublishViewController.swift */; };
		D7F3624A28178DD700586A1D /* myPublishViewController.xib in Resources */ = {isa = PBXBuildFile; fileRef = D7F3624828178DD700586A1D /* myPublishViewController.xib */; };
		D7F3624D28178E4A00586A1D /* myFavourViewController.swift in Sources */ = {isa = PBXBuildFile; fileRef = D7F3624B28178E4A00586A1D /* myFavourViewController.swift */; };
		D7F3624E28178E4A00586A1D /* myFavourViewController.xib in Resources */ = {isa = PBXBuildFile; fileRef = D7F3624C28178E4A00586A1D /* myFavourViewController.xib */; };
		D7F3625128178E8C00586A1D /* commonTableViewCell.swift in Sources */ = {isa = PBXBuildFile; fileRef = D7F3624F28178E8C00586A1D /* commonTableViewCell.swift */; };
		D7F3625228178E8C00586A1D /* commonTableViewCell.xib in Resources */ = {isa = PBXBuildFile; fileRef = D7F3625028178E8C00586A1D /* commonTableViewCell.xib */; };
		D7F3625C28190E6900586A1D /* RealmHelper.swift in Sources */ = {isa = PBXBuildFile; fileRef = D7F3625B28190E6900586A1D /* RealmHelper.swift */; };
		D7F362A428191B3800586A1D /* testViewController.swift in Sources */ = {isa = PBXBuildFile; fileRef = D7F362A228191B3800586A1D /* testViewController.swift */; };
		D7F362A528191B3800586A1D /* testViewController.xib in Resources */ = {isa = PBXBuildFile; fileRef = D7F362A328191B3800586A1D /* testViewController.xib */; };
		F37922D42830C11D00F44E29 /* NewsViewController.swift in Sources */ = {isa = PBXBuildFile; fileRef = F37922D22830C11C00F44E29 /* NewsViewController.swift */; };
		F37922D52830C11D00F44E29 /* NewsViewController.xib in Resources */ = {isa = PBXBuildFile; fileRef = F37922D32830C11C00F44E29 /* NewsViewController.xib */; };
		F38043C828334C9500FA08D5 /* NewsViewCell.swift in Sources */ = {isa = PBXBuildFile; fileRef = F38043C628334C9500FA08D5 /* NewsViewCell.swift */; };
		F38043C928334C9500FA08D5 /* NewsViewCell.xib in Resources */ = {isa = PBXBuildFile; fileRef = F38043C728334C9500FA08D5 /* NewsViewCell.xib */; };
		F38043CD283371B800FA08D5 /* NewsModel.swift in Sources */ = {isa = PBXBuildFile; fileRef = F38043CC283371B800FA08D5 /* NewsModel.swift */; };
		F38043D028337B3A00FA08D5 /* AuditListViewController.swift in Sources */ = {isa = PBXBuildFile; fileRef = F38043CE28337B3A00FA08D5 /* AuditListViewController.swift */; };
		F38043D128337B3A00FA08D5 /* AuditListViewController.xib in Resources */ = {isa = PBXBuildFile; fileRef = F38043CF28337B3A00FA08D5 /* AuditListViewController.xib */; };
		F38043D42833811000FA08D5 /* ManagePeopleViewController.swift in Sources */ = {isa = PBXBuildFile; fileRef = F38043D22833811000FA08D5 /* ManagePeopleViewController.swift */; };
		F38043D52833811000FA08D5 /* ManagePeopleViewController.xib in Resources */ = {isa = PBXBuildFile; fileRef = F38043D32833811000FA08D5 /* ManagePeopleViewController.xib */; };
		F38043D82833819400FA08D5 /* PeopleViewCell.swift in Sources */ = {isa = PBXBuildFile; fileRef = F38043D62833819400FA08D5 /* PeopleViewCell.swift */; };
		F38043D92833819400FA08D5 /* PeopleViewCell.xib in Resources */ = {isa = PBXBuildFile; fileRef = F38043D72833819400FA08D5 /* PeopleViewCell.xib */; };
		F38043DC283382D200FA08D5 /* PeopleDetailViewController.swift in Sources */ = {isa = PBXBuildFile; fileRef = F38043DA283382D200FA08D5 /* PeopleDetailViewController.swift */; };
		F38043DD283382D200FA08D5 /* PeopleDetailViewController.xib in Resources */ = {isa = PBXBuildFile; fileRef = F38043DB283382D200FA08D5 /* PeopleDetailViewController.xib */; };
/* End PBXBuildFile section */

/* Begin PBXFileReference section */
		598B777D9039B29FA1B2277A /* Pods_Competition_system.framework */ = {isa = PBXFileReference; explicitFileType = wrapper.framework; includeInIndex = 0; path = Pods_Competition_system.framework; sourceTree = BUILT_PRODUCTS_DIR; };
		64BA4D57E80B30363883E3C0 /* Pods-Competition system.release.xcconfig */ = {isa = PBXFileReference; includeInIndex = 1; lastKnownFileType = text.xcconfig; name = "Pods-Competition system.release.xcconfig"; path = "Target Support Files/Pods-Competition system/Pods-Competition system.release.xcconfig"; sourceTree = "<group>"; };
		6FBBC4FECA73E53C3800A8BD /* Pods-Competition system.debug.xcconfig */ = {isa = PBXFileReference; includeInIndex = 1; lastKnownFileType = text.xcconfig; name = "Pods-Competition system.debug.xcconfig"; path = "Target Support Files/Pods-Competition system/Pods-Competition system.debug.xcconfig"; sourceTree = "<group>"; };
		D72157C827FA7E6600B34164 /* BaseVC.swift */ = {isa = PBXFileReference; lastKnownFileType = sourcecode.swift; path = BaseVC.swift; sourceTree = "<group>"; };
		D72157CA27FA87B700B34164 /* UIKitExtension.swift */ = {isa = PBXFileReference; lastKnownFileType = sourcecode.swift; path = UIKitExtension.swift; sourceTree = "<group>"; };
		D72157CE27FA99F800B34164 /* Main.storyboard */ = {isa = PBXFileReference; lastKnownFileType = file.storyboard; path = Main.storyboard; sourceTree = "<group>"; };
		D72157D027FA9B1A00B34164 /* MainViewController.swift */ = {isa = PBXFileReference; lastKnownFileType = sourcecode.swift; path = MainViewController.swift; sourceTree = "<group>"; };
		D73D0BF5280A616500E6BEB0 /* ForumDetailViewController.swift */ = {isa = PBXFileReference; lastKnownFileType = sourcecode.swift; path = ForumDetailViewController.swift; sourceTree = "<group>"; };
		D73D0BF6280A616500E6BEB0 /* ForumDetailViewController.xib */ = {isa = PBXFileReference; lastKnownFileType = file.xib; path = ForumDetailViewController.xib; sourceTree = "<group>"; };
		D73D0BF9280A8FC100E6BEB0 /* commentTableViewCell.swift */ = {isa = PBXFileReference; lastKnownFileType = sourcecode.swift; path = commentTableViewCell.swift; sourceTree = "<group>"; };
		D73D0BFA280A8FC100E6BEB0 /* commentTableViewCell.xib */ = {isa = PBXFileReference; lastKnownFileType = file.xib; path = commentTableViewCell.xib; sourceTree = "<group>"; };
		D743405627F15671007327ED /* Competition system.app */ = {isa = PBXFileReference; explicitFileType = wrapper.application; includeInIndex = 0; path = "Competition system.app"; sourceTree = BUILT_PRODUCTS_DIR; };
		D743405927F15671007327ED /* AppDelegate.swift */ = {isa = PBXFileReference; lastKnownFileType = sourcecode.swift; path = AppDelegate.swift; sourceTree = "<group>"; };
		D743405B27F15671007327ED /* SceneDelegate.swift */ = {isa = PBXFileReference; lastKnownFileType = sourcecode.swift; path = SceneDelegate.swift; sourceTree = "<group>"; };
		D743406227F15674007327ED /* Assets.xcassets */ = {isa = PBXFileReference; lastKnownFileType = folder.assetcatalog; path = Assets.xcassets; sourceTree = "<group>"; };
		D743406527F15674007327ED /* Base */ = {isa = PBXFileReference; lastKnownFileType = file.storyboard; name = Base; path = Base.lproj/LaunchScreen.storyboard; sourceTree = "<group>"; };
		D743406727F15674007327ED /* Info.plist */ = {isa = PBXFileReference; lastKnownFileType = text.plist.xml; path = Info.plist; sourceTree = "<group>"; };
		D759A1742800834600237232 /* Tabbar.swift */ = {isa = PBXFileReference; lastKnownFileType = sourcecode.swift; path = Tabbar.swift; sourceTree = "<group>"; };
		D759A1782801120800237232 /* CompetitionViewController.swift */ = {isa = PBXFileReference; lastKnownFileType = sourcecode.swift; path = CompetitionViewController.swift; sourceTree = "<group>"; };
		D759A1792801120800237232 /* CompetitionViewController.xib */ = {isa = PBXFileReference; lastKnownFileType = file.xib; path = CompetitionViewController.xib; sourceTree = "<group>"; };
		D759A17C2801123500237232 /* SelfViewController.swift */ = {isa = PBXFileReference; lastKnownFileType = sourcecode.swift; path = SelfViewController.swift; sourceTree = "<group>"; };
		D759A17D2801123500237232 /* SelfViewController.xib */ = {isa = PBXFileReference; lastKnownFileType = file.xib; path = SelfViewController.xib; sourceTree = "<group>"; };
		D759A180280128CB00237232 /* ForumModel.swift */ = {isa = PBXFileReference; lastKnownFileType = sourcecode.swift; path = ForumModel.swift; sourceTree = "<group>"; };
		D759A1872801653400237232 /* Singleton.swift */ = {isa = PBXFileReference; lastKnownFileType = sourcecode.swift; path = Singleton.swift; sourceTree = "<group>"; };
		D759A1892801673400237232 /* ForumTableViewCell.swift */ = {isa = PBXFileReference; lastKnownFileType = sourcecode.swift; path = ForumTableViewCell.swift; sourceTree = "<group>"; };
		D759A18A2801673400237232 /* ForumTableViewCell.xib */ = {isa = PBXFileReference; lastKnownFileType = file.xib; path = ForumTableViewCell.xib; sourceTree = "<group>"; };
		D759A18D28016B6100237232 /* HeadCell.swift */ = {isa = PBXFileReference; lastKnownFileType = sourcecode.swift; path = HeadCell.swift; sourceTree = "<group>"; };
		D759A18E28016B6100237232 /* HeadCell.xib */ = {isa = PBXFileReference; lastKnownFileType = file.xib; path = HeadCell.xib; sourceTree = "<group>"; };
		D76B5E5E27F5C9A800AA7385 /* funcs.swift */ = {isa = PBXFileReference; lastKnownFileType = sourcecode.swift; path = funcs.swift; sourceTree = "<group>"; };
		D7EDB61A27FE7EBA0035047C /* LoginViewController.swift */ = {isa = PBXFileReference; lastKnownFileType = sourcecode.swift; path = LoginViewController.swift; sourceTree = "<group>"; };
		D7EDB61B27FE7EBA0035047C /* LoginViewController.xib */ = {isa = PBXFileReference; lastKnownFileType = file.xib; path = LoginViewController.xib; sourceTree = "<group>"; };
		D7EDB61E27FE82350035047C /* RegisterViewController.swift */ = {isa = PBXFileReference; lastKnownFileType = sourcecode.swift; path = RegisterViewController.swift; sourceTree = "<group>"; };
		D7EDB61F27FE82350035047C /* RegisterViewController.xib */ = {isa = PBXFileReference; lastKnownFileType = file.xib; path = RegisterViewController.xib; sourceTree = "<group>"; };
		D7EDB62227FE86730035047C /* BindViewController.swift */ = {isa = PBXFileReference; lastKnownFileType = sourcecode.swift; path = BindViewController.swift; sourceTree = "<group>"; };
		D7EDB62327FE86730035047C /* BindViewController.xib */ = {isa = PBXFileReference; lastKnownFileType = file.xib; path = BindViewController.xib; sourceTree = "<group>"; };
		D7EDB62727FF01400035047C /* UserModel.swift */ = {isa = PBXFileReference; lastKnownFileType = sourcecode.swift; path = UserModel.swift; sourceTree = "<group>"; };
		D7F3623F28164B0600586A1D /* ForumPublishViewController.swift */ = {isa = PBXFileReference; lastKnownFileType = sourcecode.swift; path = ForumPublishViewController.swift; sourceTree = "<group>"; };
		D7F3624028164B0600586A1D /* ForumPublishViewController.xib */ = {isa = PBXFileReference; lastKnownFileType = file.xib; path = ForumPublishViewController.xib; sourceTree = "<group>"; };
		D7F3624328178D4900586A1D /* nameViewController.swift */ = {isa = PBXFileReference; lastKnownFileType = sourcecode.swift; path = nameViewController.swift; sourceTree = "<group>"; };
		D7F3624428178D4900586A1D /* nameViewController.xib */ = {isa = PBXFileReference; lastKnownFileType = file.xib; path = nameViewController.xib; sourceTree = "<group>"; };
		D7F3624728178DD700586A1D /* myPublishViewController.swift */ = {isa = PBXFileReference; lastKnownFileType = sourcecode.swift; path = myPublishViewController.swift; sourceTree = "<group>"; };
		D7F3624828178DD700586A1D /* myPublishViewController.xib */ = {isa = PBXFileReference; lastKnownFileType = file.xib; path = myPublishViewController.xib; sourceTree = "<group>"; };
		D7F3624B28178E4A00586A1D /* myFavourViewController.swift */ = {isa = PBXFileReference; lastKnownFileType = sourcecode.swift; path = myFavourViewController.swift; sourceTree = "<group>"; };
		D7F3624C28178E4A00586A1D /* myFavourViewController.xib */ = {isa = PBXFileReference; lastKnownFileType = file.xib; path = myFavourViewController.xib; sourceTree = "<group>"; };
		D7F3624F28178E8C00586A1D /* commonTableViewCell.swift */ = {isa = PBXFileReference; lastKnownFileType = sourcecode.swift; path = commonTableViewCell.swift; sourceTree = "<group>"; };
		D7F3625028178E8C00586A1D /* commonTableViewCell.xib */ = {isa = PBXFileReference; lastKnownFileType = file.xib; path = commonTableViewCell.xib; sourceTree = "<group>"; };
		D7F3625B28190E6900586A1D /* RealmHelper.swift */ = {isa = PBXFileReference; lastKnownFileType = sourcecode.swift; path = RealmHelper.swift; sourceTree = "<group>"; };
		D7F362A228191B3800586A1D /* testViewController.swift */ = {isa = PBXFileReference; lastKnownFileType = sourcecode.swift; path = testViewController.swift; sourceTree = "<group>"; };
		D7F362A328191B3800586A1D /* testViewController.xib */ = {isa = PBXFileReference; lastKnownFileType = file.xib; path = testViewController.xib; sourceTree = "<group>"; };
		F37922D22830C11C00F44E29 /* NewsViewController.swift */ = {isa = PBXFileReference; lastKnownFileType = sourcecode.swift; path = NewsViewController.swift; sourceTree = "<group>"; };
		F37922D32830C11C00F44E29 /* NewsViewController.xib */ = {isa = PBXFileReference; lastKnownFileType = file.xib; path = NewsViewController.xib; sourceTree = "<group>"; };
		F38043C628334C9500FA08D5 /* NewsViewCell.swift */ = {isa = PBXFileReference; lastKnownFileType = sourcecode.swift; path = NewsViewCell.swift; sourceTree = "<group>"; };
		F38043C728334C9500FA08D5 /* NewsViewCell.xib */ = {isa = PBXFileReference; lastKnownFileType = file.xib; path = NewsViewCell.xib; sourceTree = "<group>"; };
		F38043CC283371B800FA08D5 /* NewsModel.swift */ = {isa = PBXFileReference; lastKnownFileType = sourcecode.swift; path = NewsModel.swift; sourceTree = "<group>"; };
		F38043CE28337B3A00FA08D5 /* AuditListViewController.swift */ = {isa = PBXFileReference; lastKnownFileType = sourcecode.swift; path = AuditListViewController.swift; sourceTree = "<group>"; };
		F38043CF28337B3A00FA08D5 /* AuditListViewController.xib */ = {isa = PBXFileReference; lastKnownFileType = file.xib; path = AuditListViewController.xib; sourceTree = "<group>"; };
		F38043D22833811000FA08D5 /* ManagePeopleViewController.swift */ = {isa = PBXFileReference; lastKnownFileType = sourcecode.swift; path = ManagePeopleViewController.swift; sourceTree = "<group>"; };
		F38043D32833811000FA08D5 /* ManagePeopleViewController.xib */ = {isa = PBXFileReference; lastKnownFileType = file.xib; path = ManagePeopleViewController.xib; sourceTree = "<group>"; };
		F38043D62833819400FA08D5 /* PeopleViewCell.swift */ = {isa = PBXFileReference; lastKnownFileType = sourcecode.swift; path = PeopleViewCell.swift; sourceTree = "<group>"; };
		F38043D72833819400FA08D5 /* PeopleViewCell.xib */ = {isa = PBXFileReference; lastKnownFileType = file.xib; path = PeopleViewCell.xib; sourceTree = "<group>"; };
		F38043DA283382D200FA08D5 /* PeopleDetailViewController.swift */ = {isa = PBXFileReference; lastKnownFileType = sourcecode.swift; path = PeopleDetailViewController.swift; sourceTree = "<group>"; };
		F38043DB283382D200FA08D5 /* PeopleDetailViewController.xib */ = {isa = PBXFileReference; lastKnownFileType = file.xib; path = PeopleDetailViewController.xib; sourceTree = "<group>"; };
/* End PBXFileReference section */

/* Begin PBXFrameworksBuildPhase section */
		D743405327F15671007327ED /* Frameworks */ = {
			isa = PBXFrameworksBuildPhase;
			buildActionMask = 2147483647;
			files = (
				AA02E904BE0E8304D74D52B7 /* Pods_Competition_system.framework in Frameworks */,
			);
			runOnlyForDeploymentPostprocessing = 0;
		};
/* End PBXFrameworksBuildPhase section */

/* Begin PBXGroup section */
		6542184E46D1A1D787ECA798 /* Frameworks */ = {
			isa = PBXGroup;
			children = (
				598B777D9039B29FA1B2277A /* Pods_Competition_system.framework */,
			);
			name = Frameworks;
			sourceTree = "<group>";
		};
		D67EBDC40CDA624687124EE4 /* Pods */ = {
			isa = PBXGroup;
			children = (
				6FBBC4FECA73E53C3800A8BD /* Pods-Competition system.debug.xcconfig */,
				64BA4D57E80B30363883E3C0 /* Pods-Competition system.release.xcconfig */,
			);
			path = Pods;
			sourceTree = "<group>";
		};
		D72157C727FA7E4300B34164 /* BaseViewController */ = {
			isa = PBXGroup;
			children = (
				D72157C827FA7E6600B34164 /* BaseVC.swift */,
			);
			path = BaseViewController;
			sourceTree = "<group>";
		};
		D743404D27F15671007327ED = {
			isa = PBXGroup;
			children = (
				D743405827F15671007327ED /* Competition system */,
				D743405727F15671007327ED /* Products */,
				D67EBDC40CDA624687124EE4 /* Pods */,
				6542184E46D1A1D787ECA798 /* Frameworks */,
			);
			sourceTree = "<group>";
		};
		D743405727F15671007327ED /* Products */ = {
			isa = PBXGroup;
			children = (
				D743405627F15671007327ED /* Competition system.app */,
			);
			name = Products;
			sourceTree = "<group>";
		};
		D743405827F15671007327ED /* Competition system */ = {
			isa = PBXGroup;
			children = (
				D759A176280083AE00237232 /* competition */,
				D7EDB62627FE90740035047C /* model */,
				D7EDB61927FE7E950035047C /* register and login */,
				D72157C727FA7E4300B34164 /* BaseViewController */,
				D76B5E6027F5CD7600AA7385 /* mine */,
				D76B5E5727F5C85400AA7385 /* functions */,
				D743405927F15671007327ED /* AppDelegate.swift */,
				D743405B27F15671007327ED /* SceneDelegate.swift */,
				D72157D027FA9B1A00B34164 /* MainViewController.swift */,
				D759A1742800834600237232 /* Tabbar.swift */,
				D72157CE27FA99F800B34164 /* Main.storyboard */,
				D743406227F15674007327ED /* Assets.xcassets */,
				D743406427F15674007327ED /* LaunchScreen.storyboard */,
				D743406727F15674007327ED /* Info.plist */,
			);
			path = "Competition system";
			sourceTree = "<group>";
		};
		D759A176280083AE00237232 /* competition */ = {
			isa = PBXGroup;
			children = (
				D759A1782801120800237232 /* CompetitionViewController.swift */,
				D759A1792801120800237232 /* CompetitionViewController.xib */,
				D73D0BF9280A8FC100E6BEB0 /* commentTableViewCell.swift */,
				D73D0BFA280A8FC100E6BEB0 /* commentTableViewCell.xib */,
				D73D0BF5280A616500E6BEB0 /* ForumDetailViewController.swift */,
				D73D0BF6280A616500E6BEB0 /* ForumDetailViewController.xib */,
				D7F3623F28164B0600586A1D /* ForumPublishViewController.swift */,
				D7F3624028164B0600586A1D /* ForumPublishViewController.xib */,
				D759A1892801673400237232 /* ForumTableViewCell.swift */,
				D759A18A2801673400237232 /* ForumTableViewCell.xib */,
				F37922D22830C11C00F44E29 /* NewsViewController.swift */,
				F37922D32830C11C00F44E29 /* NewsViewController.xib */,
				F38043C628334C9500FA08D5 /* NewsViewCell.swift */,
				F38043C728334C9500FA08D5 /* NewsViewCell.xib */,
			);
			path = competition;
			sourceTree = "<group>";
		};
		D76B5E5727F5C85400AA7385 /* functions */ = {
			isa = PBXGroup;
			children = (
				D76B5E5E27F5C9A800AA7385 /* funcs.swift */,
				D72157CA27FA87B700B34164 /* UIKitExtension.swift */,
				D7F3625B28190E6900586A1D /* RealmHelper.swift */,
			);
			path = functions;
			sourceTree = "<group>";
		};
		D76B5E6027F5CD7600AA7385 /* mine */ = {
			isa = PBXGroup;
			children = (
				D759A17C2801123500237232 /* SelfViewController.swift */,
				D759A17D2801123500237232 /* SelfViewController.xib */,
				D759A18D28016B6100237232 /* HeadCell.swift */,
				D759A18E28016B6100237232 /* HeadCell.xib */,
				D7F3624328178D4900586A1D /* nameViewController.swift */,
				D7F3624428178D4900586A1D /* nameViewController.xib */,
				D7F3624728178DD700586A1D /* myPublishViewController.swift */,
				D7F3624828178DD700586A1D /* myPublishViewController.xib */,
				D7F3624B28178E4A00586A1D /* myFavourViewController.swift */,
				D7F3624C28178E4A00586A1D /* myFavourViewController.xib */,
				D7F3624F28178E8C00586A1D /* commonTableViewCell.swift */,
				D7F3625028178E8C00586A1D /* commonTableViewCell.xib */,
				F38043CE28337B3A00FA08D5 /* AuditListViewController.swift */,
				F38043CF28337B3A00FA08D5 /* AuditListViewController.xib */,
				F38043D22833811000FA08D5 /* ManagePeopleViewController.swift */,
				F38043D32833811000FA08D5 /* ManagePeopleViewController.xib */,
				F38043D62833819400FA08D5 /* PeopleViewCell.swift */,
				F38043D72833819400FA08D5 /* PeopleViewCell.xib */,
				F38043DA283382D200FA08D5 /* PeopleDetailViewController.swift */,
				F38043DB283382D200FA08D5 /* PeopleDetailViewController.xib */,
			);
			path = mine;
			sourceTree = "<group>";
		};
		D7EDB61927FE7E950035047C /* register and login */ = {
			isa = PBXGroup;
			children = (
				D7EDB61A27FE7EBA0035047C /* LoginViewController.swift */,
				D7EDB61B27FE7EBA0035047C /* LoginViewController.xib */,
				D7F362A228191B3800586A1D /* testViewController.swift */,
				D7F362A328191B3800586A1D /* testViewController.xib */,
				D7EDB61E27FE82350035047C /* RegisterViewController.swift */,
				D7EDB61F27FE82350035047C /* RegisterViewController.xib */,
				D7EDB62227FE86730035047C /* BindViewController.swift */,
				D7EDB62327FE86730035047C /* BindViewController.xib */,
			);
			path = "register and login";
			sourceTree = "<group>";
		};
		D7EDB62627FE90740035047C /* model */ = {
			isa = PBXGroup;
			children = (
				D7EDB62727FF01400035047C /* UserModel.swift */,
				D759A1872801653400237232 /* Singleton.swift */,
				D759A180280128CB00237232 /* ForumModel.swift */,
				F38043CC283371B800FA08D5 /* NewsModel.swift */,
			);
			path = model;
			sourceTree = "<group>";
		};
/* End PBXGroup section */

/* Begin PBXNativeTarget section */
		D743405527F15671007327ED /* Competition system */ = {
			isa = PBXNativeTarget;
			buildConfigurationList = D743406A27F15674007327ED /* Build configuration list for PBXNativeTarget "Competition system" */;
			buildPhases = (
				6692E88EA72DE9B4C455DF6C /* [CP] Check Pods Manifest.lock */,
				D743405227F15671007327ED /* Sources */,
				D743405327F15671007327ED /* Frameworks */,
				D743405427F15671007327ED /* Resources */,
				8505F1DF02AA1F8C69602656 /* [CP] Embed Pods Frameworks */,
			);
			buildRules = (
			);
			dependencies = (
			);
			name = "Competition system";
			productName = "Competition system";
			productReference = D743405627F15671007327ED /* Competition system.app */;
			productType = "com.apple.product-type.application";
		};
/* End PBXNativeTarget section */

/* Begin PBXProject section */
		D743404E27F15671007327ED /* Project object */ = {
			isa = PBXProject;
			attributes = {
				BuildIndependentTargetsInParallel = 1;
				LastSwiftUpdateCheck = 1330;
				LastUpgradeCheck = 1330;
				TargetAttributes = {
					D743405527F15671007327ED = {
						CreatedOnToolsVersion = 13.3;
					};
				};
			};
			buildConfigurationList = D743405127F15671007327ED /* Build configuration list for PBXProject "Competition system" */;
			compatibilityVersion = "Xcode 13.0";
			developmentRegion = en;
			hasScannedForEncodings = 0;
			knownRegions = (
				en,
				Base,
			);
			mainGroup = D743404D27F15671007327ED;
			productRefGroup = D743405727F15671007327ED /* Products */;
			projectDirPath = "";
			projectRoot = "";
			targets = (
				D743405527F15671007327ED /* Competition system */,
			);
		};
/* End PBXProject section */

/* Begin PBXResourcesBuildPhase section */
		D743405427F15671007327ED /* Resources */ = {
			isa = PBXResourcesBuildPhase;
			buildActionMask = 2147483647;
			files = (
				D759A18C2801673400237232 /* ForumTableViewCell.xib in Resources */,
				D759A17F2801123500237232 /* SelfViewController.xib in Resources */,
				F38043D128337B3A00FA08D5 /* AuditListViewController.xib in Resources */,
				F38043C928334C9500FA08D5 /* NewsViewCell.xib in Resources */,
				D72157CF27FA99F800B34164 /* Main.storyboard in Resources */,
				D7F3624E28178E4A00586A1D /* myFavourViewController.xib in Resources */,
				D73D0BFC280A8FC100E6BEB0 /* commentTableViewCell.xib in Resources */,
				F38043D92833819400FA08D5 /* PeopleViewCell.xib in Resources */,
				D7F3624A28178DD700586A1D /* myPublishViewController.xib in Resources */,
				D7F3624228164B0600586A1D /* ForumPublishViewController.xib in Resources */,
				D7EDB62127FE82350035047C /* RegisterViewController.xib in Resources */,
				D7EDB62527FE86730035047C /* BindViewController.xib in Resources */,
				F38043DD283382D200FA08D5 /* PeopleDetailViewController.xib in Resources */,
				D7F3625228178E8C00586A1D /* commonTableViewCell.xib in Resources */,
				D7F362A528191B3800586A1D /* testViewController.xib in Resources */,
				D759A17B2801120800237232 /* CompetitionViewController.xib in Resources */,
				F38043D52833811000FA08D5 /* ManagePeopleViewController.xib in Resources */,
				D743406627F15674007327ED /* LaunchScreen.storyboard in Resources */,
				F37922D52830C11D00F44E29 /* NewsViewController.xib in Resources */,
				D7F3624628178D4900586A1D /* nameViewController.xib in Resources */,
				D759A19028016B6100237232 /* HeadCell.xib in Resources */,
				D743406327F15674007327ED /* Assets.xcassets in Resources */,
				D73D0BF8280A616500E6BEB0 /* ForumDetailViewController.xib in Resources */,
				D7EDB61D27FE7EBA0035047C /* LoginViewController.xib in Resources */,
			);
			runOnlyForDeploymentPostprocessing = 0;
		};
/* End PBXResourcesBuildPhase section */

/* Begin PBXShellScriptBuildPhase section */
		6692E88EA72DE9B4C455DF6C /* [CP] Check Pods Manifest.lock */ = {
			isa = PBXShellScriptBuildPhase;
			buildActionMask = 2147483647;
			files = (
			);
			inputFileListPaths = (
			);
			inputPaths = (
				"${PODS_PODFILE_DIR_PATH}/Podfile.lock",
				"${PODS_ROOT}/Manifest.lock",
			);
			name = "[CP] Check Pods Manifest.lock";
			outputFileListPaths = (
			);
			outputPaths = (
				"$(DERIVED_FILE_DIR)/Pods-Competition system-checkManifestLockResult.txt",
			);
			runOnlyForDeploymentPostprocessing = 0;
			shellPath = /bin/sh;
			shellScript = "diff \"${PODS_PODFILE_DIR_PATH}/Podfile.lock\" \"${PODS_ROOT}/Manifest.lock\" > /dev/null\nif [ $? != 0 ] ; then\n    # print error to STDERR\n    echo \"error: The sandbox is not in sync with the Podfile.lock. Run 'pod install' or update your CocoaPods installation.\" >&2\n    exit 1\nfi\n# This output is used by Xcode 'outputs' to avoid re-running this script phase.\necho \"SUCCESS\" > \"${SCRIPT_OUTPUT_FILE_0}\"\n";
			showEnvVarsInLog = 0;
		};
		8505F1DF02AA1F8C69602656 /* [CP] Embed Pods Frameworks */ = {
			isa = PBXShellScriptBuildPhase;
			buildActionMask = 2147483647;
			files = (
			);
			inputFileListPaths = (
				"${PODS_ROOT}/Target Support Files/Pods-Competition system/Pods-Competition system-frameworks-${CONFIGURATION}-input-files.xcfilelist",
			);
			name = "[CP] Embed Pods Frameworks";
			outputFileListPaths = (
				"${PODS_ROOT}/Target Support Files/Pods-Competition system/Pods-Competition system-frameworks-${CONFIGURATION}-output-files.xcfilelist",
			);
			runOnlyForDeploymentPostprocessing = 0;
			shellPath = /bin/sh;
			shellScript = "\"${PODS_ROOT}/Target Support Files/Pods-Competition system/Pods-Competition system-frameworks.sh\"\n";
			showEnvVarsInLog = 0;
		};
/* End PBXShellScriptBuildPhase section */

/* Begin PBXSourcesBuildPhase section */
		D743405227F15671007327ED /* Sources */ = {
			isa = PBXSourcesBuildPhase;
			buildActionMask = 2147483647;
			files = (
				D7F3625C28190E6900586A1D /* RealmHelper.swift in Sources */,
				D7EDB62827FF01400035047C /* UserModel.swift in Sources */,
				F38043D028337B3A00FA08D5 /* AuditListViewController.swift in Sources */,
				D76B5E5F27F5C9A800AA7385 /* funcs.swift in Sources */,
				D72157D127FA9B1A00B34164 /* MainViewController.swift in Sources */,
				D759A1752800834600237232 /* Tabbar.swift in Sources */,
				D7F3624528178D4900586A1D /* nameViewController.swift in Sources */,
				D759A17A2801120800237232 /* CompetitionViewController.swift in Sources */,
				D759A17E2801123500237232 /* SelfViewController.swift in Sources */,
				F37922D42830C11D00F44E29 /* NewsViewController.swift in Sources */,
				F38043DC283382D200FA08D5 /* PeopleDetailViewController.swift in Sources */,
				D72157CB27FA87B700B34164 /* UIKitExtension.swift in Sources */,
				F38043C828334C9500FA08D5 /* NewsViewCell.swift in Sources */,
				D7F3625128178E8C00586A1D /* commonTableViewCell.swift in Sources */,
				D7F362A428191B3800586A1D /* testViewController.swift in Sources */,
				F38043D42833811000FA08D5 /* ManagePeopleViewController.swift in Sources */,
				D73D0BFB280A8FC100E6BEB0 /* commentTableViewCell.swift in Sources */,
				F38043D82833819400FA08D5 /* PeopleViewCell.swift in Sources */,
				D7EDB62027FE82350035047C /* RegisterViewController.swift in Sources */,
				D7EDB62427FE86730035047C /* BindViewController.swift in Sources */,
				D743405A27F15671007327ED /* AppDelegate.swift in Sources */,
				D743405C27F15671007327ED /* SceneDelegate.swift in Sources */,
				D7F3624128164B0600586A1D /* ForumPublishViewController.swift in Sources */,
				D7F3624D28178E4A00586A1D /* myFavourViewController.swift in Sources */,
				D73D0BF7280A616500E6BEB0 /* ForumDetailViewController.swift in Sources */,
				D759A181280128CB00237232 /* ForumModel.swift in Sources */,
				F38043CD283371B800FA08D5 /* NewsModel.swift in Sources */,
				D759A18F28016B6100237232 /* HeadCell.swift in Sources */,
				D72157C927FA7E6600B34164 /* BaseVC.swift in Sources */,
				D759A1882801653400237232 /* Singleton.swift in Sources */,
				D7EDB61C27FE7EBA0035047C /* LoginViewController.swift in Sources */,
				D7F3624928178DD700586A1D /* myPublishViewController.swift in Sources */,
				D759A18B2801673400237232 /* ForumTableViewCell.swift in Sources */,
			);
			runOnlyForDeploymentPostprocessing = 0;
		};
/* End PBXSourcesBuildPhase section */

/* Begin PBXVariantGroup section */
		D743406427F15674007327ED /* LaunchScreen.storyboard */ = {
			isa = PBXVariantGroup;
			children = (
				D743406527F15674007327ED /* Base */,
			);
			name = LaunchScreen.storyboard;
			sourceTree = "<group>";
		};
/* End PBXVariantGroup section */

/* Begin XCBuildConfiguration section */
		D743406827F15674007327ED /* Debug */ = {
			isa = XCBuildConfiguration;
			buildSettings = {
				ALWAYS_SEARCH_USER_PATHS = NO;
				CLANG_ANALYZER_NONNULL = YES;
				CLANG_ANALYZER_NUMBER_OBJECT_CONVERSION = YES_AGGRESSIVE;
				CLANG_CXX_LANGUAGE_STANDARD = "gnu++17";
				CLANG_ENABLE_MODULES = YES;
				CLANG_ENABLE_OBJC_ARC = YES;
				CLANG_ENABLE_OBJC_WEAK = YES;
				CLANG_WARN_BLOCK_CAPTURE_AUTORELEASING = YES;
				CLANG_WARN_BOOL_CONVERSION = YES;
				CLANG_WARN_COMMA = YES;
				CLANG_WARN_CONSTANT_CONVERSION = YES;
				CLANG_WARN_DEPRECATED_OBJC_IMPLEMENTATIONS = YES;
				CLANG_WARN_DIRECT_OBJC_ISA_USAGE = YES_ERROR;
				CLANG_WARN_DOCUMENTATION_COMMENTS = YES;
				CLANG_WARN_EMPTY_BODY = YES;
				CLANG_WARN_ENUM_CONVERSION = YES;
				CLANG_WARN_INFINITE_RECURSION = YES;
				CLANG_WARN_INT_CONVERSION = YES;
				CLANG_WARN_NON_LITERAL_NULL_CONVERSION = YES;
				CLANG_WARN_OBJC_IMPLICIT_RETAIN_SELF = YES;
				CLANG_WARN_OBJC_LITERAL_CONVERSION = YES;
				CLANG_WARN_OBJC_ROOT_CLASS = YES_ERROR;
				CLANG_WARN_QUOTED_INCLUDE_IN_FRAMEWORK_HEADER = YES;
				CLANG_WARN_RANGE_LOOP_ANALYSIS = YES;
				CLANG_WARN_STRICT_PROTOTYPES = YES;
				CLANG_WARN_SUSPICIOUS_MOVE = YES;
				CLANG_WARN_UNGUARDED_AVAILABILITY = YES_AGGRESSIVE;
				CLANG_WARN_UNREACHABLE_CODE = YES;
				CLANG_WARN__DUPLICATE_METHOD_MATCH = YES;
				COPY_PHASE_STRIP = NO;
				DEBUG_INFORMATION_FORMAT = dwarf;
				ENABLE_STRICT_OBJC_MSGSEND = YES;
				ENABLE_TESTABILITY = YES;
				GCC_C_LANGUAGE_STANDARD = gnu11;
				GCC_DYNAMIC_NO_PIC = NO;
				GCC_NO_COMMON_BLOCKS = YES;
				GCC_OPTIMIZATION_LEVEL = 0;
				GCC_PREPROCESSOR_DEFINITIONS = (
					"DEBUG=1",
					"$(inherited)",
				);
				GCC_WARN_64_TO_32_BIT_CONVERSION = YES;
				GCC_WARN_ABOUT_RETURN_TYPE = YES_ERROR;
				GCC_WARN_UNDECLARED_SELECTOR = YES;
				GCC_WARN_UNINITIALIZED_AUTOS = YES_AGGRESSIVE;
				GCC_WARN_UNUSED_FUNCTION = YES;
				GCC_WARN_UNUSED_VARIABLE = YES;
				IPHONEOS_DEPLOYMENT_TARGET = 15.4;
				MTL_ENABLE_DEBUG_INFO = INCLUDE_SOURCE;
				MTL_FAST_MATH = YES;
				ONLY_ACTIVE_ARCH = YES;
				SDKROOT = iphoneos;
				SWIFT_ACTIVE_COMPILATION_CONDITIONS = DEBUG;
				SWIFT_OPTIMIZATION_LEVEL = "-Onone";
			};
			name = Debug;
		};
		D743406927F15674007327ED /* Release */ = {
			isa = XCBuildConfiguration;
			buildSettings = {
				ALWAYS_SEARCH_USER_PATHS = NO;
				CLANG_ANALYZER_NONNULL = YES;
				CLANG_ANALYZER_NUMBER_OBJECT_CONVERSION = YES_AGGRESSIVE;
				CLANG_CXX_LANGUAGE_STANDARD = "gnu++17";
				CLANG_ENABLE_MODULES = YES;
				CLANG_ENABLE_OBJC_ARC = YES;
				CLANG_ENABLE_OBJC_WEAK = YES;
				CLANG_WARN_BLOCK_CAPTURE_AUTORELEASING = YES;
				CLANG_WARN_BOOL_CONVERSION = YES;
				CLANG_WARN_COMMA = YES;
				CLANG_WARN_CONSTANT_CONVERSION = YES;
				CLANG_WARN_DEPRECATED_OBJC_IMPLEMENTATIONS = YES;
				CLANG_WARN_DIRECT_OBJC_ISA_USAGE = YES_ERROR;
				CLANG_WARN_DOCUMENTATION_COMMENTS = YES;
				CLANG_WARN_EMPTY_BODY = YES;
				CLANG_WARN_ENUM_CONVERSION = YES;
				CLANG_WARN_INFINITE_RECURSION = YES;
				CLANG_WARN_INT_CONVERSION = YES;
				CLANG_WARN_NON_LITERAL_NULL_CONVERSION = YES;
				CLANG_WARN_OBJC_IMPLICIT_RETAIN_SELF = YES;
				CLANG_WARN_OBJC_LITERAL_CONVERSION = YES;
				CLANG_WARN_OBJC_ROOT_CLASS = YES_ERROR;
				CLANG_WARN_QUOTED_INCLUDE_IN_FRAMEWORK_HEADER = YES;
				CLANG_WARN_RANGE_LOOP_ANALYSIS = YES;
				CLANG_WARN_STRICT_PROTOTYPES = YES;
				CLANG_WARN_SUSPICIOUS_MOVE = YES;
				CLANG_WARN_UNGUARDED_AVAILABILITY = YES_AGGRESSIVE;
				CLANG_WARN_UNREACHABLE_CODE = YES;
				CLANG_WARN__DUPLICATE_METHOD_MATCH = YES;
				COPY_PHASE_STRIP = NO;
				DEBUG_INFORMATION_FORMAT = "dwarf-with-dsym";
				ENABLE_NS_ASSERTIONS = NO;
				ENABLE_STRICT_OBJC_MSGSEND = YES;
				GCC_C_LANGUAGE_STANDARD = gnu11;
				GCC_NO_COMMON_BLOCKS = YES;
				GCC_WARN_64_TO_32_BIT_CONVERSION = YES;
				GCC_WARN_ABOUT_RETURN_TYPE = YES_ERROR;
				GCC_WARN_UNDECLARED_SELECTOR = YES;
				GCC_WARN_UNINITIALIZED_AUTOS = YES_AGGRESSIVE;
				GCC_WARN_UNUSED_FUNCTION = YES;
				GCC_WARN_UNUSED_VARIABLE = YES;
				IPHONEOS_DEPLOYMENT_TARGET = 15.4;
				MTL_ENABLE_DEBUG_INFO = NO;
				MTL_FAST_MATH = YES;
				SDKROOT = iphoneos;
				SWIFT_COMPILATION_MODE = wholemodule;
				SWIFT_OPTIMIZATION_LEVEL = "-O";
				VALIDATE_PRODUCT = YES;
			};
			name = Release;
		};
		D743406B27F15674007327ED /* Debug */ = {
			isa = XCBuildConfiguration;
			baseConfigurationReference = 6FBBC4FECA73E53C3800A8BD /* Pods-Competition system.debug.xcconfig */;
			buildSettings = {
				ASSETCATALOG_COMPILER_APPICON_NAME = AppIcon;
				ASSETCATALOG_COMPILER_GLOBAL_ACCENT_COLOR_NAME = AccentColor;
				CODE_SIGN_ENTITLEMENTS = "Competition system/Competition system.entitlements";
				CODE_SIGN_STYLE = Automatic;
				CURRENT_PROJECT_VERSION = 1;
				DEVELOPMENT_TEAM = 3W5B545J98;
				GENERATE_INFOPLIST_FILE = YES;
				INFOPLIST_FILE = "Competition system/Info.plist";
				INFOPLIST_KEY_CFBundleDisplayName = "竞河工";
				INFOPLIST_KEY_NSCameraUsageDescription = "App需要您的同意,才能访问相机";
				INFOPLIST_KEY_NSPhotoLibraryUsageDescription = "使用照片访问本地相册";
				INFOPLIST_KEY_UIApplicationSupportsIndirectInputEvents = YES;
				INFOPLIST_KEY_UILaunchStoryboardName = LaunchScreen;
				INFOPLIST_KEY_UIMainStoryboardFile = Main;
				INFOPLIST_KEY_UIRequiredDeviceCapabilities = armv7;
				INFOPLIST_KEY_UISupportedInterfaceOrientations = "UIInterfaceOrientationPortrait UIInterfaceOrientationLandscapeLeft UIInterfaceOrientationLandscapeRight";
				INFOPLIST_KEY_UISupportedInterfaceOrientations_iPad = "UIInterfaceOrientationPortrait UIInterfaceOrientationPortraitUpsideDown UIInterfaceOrientationLandscapeLeft UIInterfaceOrientationLandscapeRight";
				INFOPLIST_KEY_UISupportedInterfaceOrientations_iPhone = "UIInterfaceOrientationPortrait UIInterfaceOrientationLandscapeLeft UIInterfaceOrientationLandscapeRight";
				INFOPLIST_KEY_UIUserInterfaceStyle = Light;
				IPHONEOS_DEPLOYMENT_TARGET = 13.0;
				LD_RUNPATH_SEARCH_PATHS = (
					"$(inherited)",
					"@executable_path/Frameworks",
				);
				MARKETING_VERSION = 1.0;
				PRODUCT_BUNDLE_IDENTIFIER = "cn.zhaoxuanlang.Competition-system";
				PRODUCT_NAME = "$(TARGET_NAME)";
				SWIFT_EMIT_LOC_STRINGS = YES;
				SWIFT_VERSION = 5.0;
				TARGETED_DEVICE_FAMILY = "1,2";
			};
			name = Debug;
		};
		D743406C27F15674007327ED /* Release */ = {
			isa = XCBuildConfiguration;
			baseConfigurationReference = 64BA4D57E80B30363883E3C0 /* Pods-Competition system.release.xcconfig */;
			buildSettings = {
				ASSETCATALOG_COMPILER_APPICON_NAME = AppIcon;
				ASSETCATALOG_COMPILER_GLOBAL_ACCENT_COLOR_NAME = AccentColor;
				CODE_SIGN_ENTITLEMENTS = "Competition system/Competition system.entitlements";
				CODE_SIGN_STYLE = Automatic;
				CURRENT_PROJECT_VERSION = 1;
				DEVELOPMENT_TEAM = 3W5B545J98;
				GENERATE_INFOPLIST_FILE = YES;
				INFOPLIST_FILE = "Competition system/Info.plist";
				INFOPLIST_KEY_CFBundleDisplayName = "竞河工";
				INFOPLIST_KEY_NSCameraUsageDescription = "App需要您的同意,才能访问相机";
				INFOPLIST_KEY_NSPhotoLibraryUsageDescription = "使用照片访问本地相册";
				INFOPLIST_KEY_UIApplicationSupportsIndirectInputEvents = YES;
				INFOPLIST_KEY_UILaunchStoryboardName = LaunchScreen;
				INFOPLIST_KEY_UIMainStoryboardFile = Main;
				INFOPLIST_KEY_UIRequiredDeviceCapabilities = armv7;
				INFOPLIST_KEY_UISupportedInterfaceOrientations = "UIInterfaceOrientationPortrait UIInterfaceOrientationLandscapeLeft UIInterfaceOrientationLandscapeRight";
				INFOPLIST_KEY_UISupportedInterfaceOrientations_iPad = "UIInterfaceOrientationPortrait UIInterfaceOrientationPortraitUpsideDown UIInterfaceOrientationLandscapeLeft UIInterfaceOrientationLandscapeRight";
				INFOPLIST_KEY_UISupportedInterfaceOrientations_iPhone = "UIInterfaceOrientationPortrait UIInterfaceOrientationLandscapeLeft UIInterfaceOrientationLandscapeRight";
				INFOPLIST_KEY_UIUserInterfaceStyle = Light;
				IPHONEOS_DEPLOYMENT_TARGET = 13.0;
				LD_RUNPATH_SEARCH_PATHS = (
					"$(inherited)",
					"@executable_path/Frameworks",
				);
				MARKETING_VERSION = 1.0;
				PRODUCT_BUNDLE_IDENTIFIER = "cn.zhaoxuanlang.Competition-system";
				PRODUCT_NAME = "$(TARGET_NAME)";
				SWIFT_EMIT_LOC_STRINGS = YES;
				SWIFT_VERSION = 5.0;
				TARGETED_DEVICE_FAMILY = "1,2";
			};
			name = Release;
		};
/* End XCBuildConfiguration section */

/* Begin XCConfigurationList section */
		D743405127F15671007327ED /* Build configuration list for PBXProject "Competition system" */ = {
			isa = XCConfigurationList;
			buildConfigurations = (
				D743406827F15674007327ED /* Debug */,
				D743406927F15674007327ED /* Release */,
			);
			defaultConfigurationIsVisible = 0;
			defaultConfigurationName = Release;
		};
		D743406A27F15674007327ED /* Build configuration list for PBXNativeTarget "Competition system" */ = {
			isa = XCConfigurationList;
			buildConfigurations = (
				D743406B27F15674007327ED /* Debug */,
				D743406C27F15674007327ED /* Release */,
			);
			defaultConfigurationIsVisible = 0;
			defaultConfigurationName = Release;
		};
/* End XCConfigurationList section */
	};
	rootObject = D743404E27F15671007327ED /* Project object */;
}
